{
    "_meta": {
        "hash": {
            "sha256": "770f7b1ba3ce8d7b977cae77e1fc6d605e5cb252c07183af926e41a41aa95b26"
        },
        "pipfile-spec": 6,
        "requires": {
            "python_version": "3.7"
        },
        "sources": [
            {
                "name": "pypi",
                "url": "https://pypi.org/simple",
                "verify_ssl": true
            }
        ]
    },
    "default": {
        "django-colorfield": {
            "hashes": [
                "sha256:63a542c417b72d0dac898a0f61a2a00aed3c9aabc2f5057c926efccf421f7887",
                "sha256:e38f8b9dabbab48a6dab3d1eb5bd802decb92970d56a28128c9a70cdbf383e30"
            ],
            "index": "pypi",
            "version": "==0.4.1"
        }
    },
    "develop": {}
}
